
Microsoft Visual Studio Solution File, Format Version 12.00
# Visual Studio Version 17
VisualStudioVersion = 17.0.32014.148
MinimumVisualStudioVersion = 10.0.40219.1
Project("{8BC9CEB8-8B4A-11D0-8D11-00A0C91BC942}") = "encapsulation", "encapsulation.vcxproj", "{8E31D5CC-132B-434E-838E-44C6D49941DD}"
EndProject
Global
	GlobalSection(SolutionConfigurationPlatforms) = preSolution
		Debug|x64 = Debug|x64
		Debug|x86 = Debug|x86
		Release|x64 = Release|x64
		Release|x86 = Release|x86
	EndGlobalSection
	GlobalSection(ProjectConfigurationPlatforms) = postSolution
		{8E31D5CC-132B-434E-838E-44C6D49941DD}.Debug|x64.ActiveCfg = Debug|x64
		{8E31D5CC-132B-434E-838E-44C6D49941DD}.Debug|x64.Build.0 = Debug|x64
		{8E31D5CC-132B-434E-838E-44C6D49941DD}.Debug|x86.ActiveCfg = Debug|Win32
		{8E31D5CC-132B-434E-838E-44C6D49941DD}.Debug|x86.Build.0 = Debug|Win32
		{8E31D5CC-132B-434E-838E-44C6D49941DD}.Release|x64.ActiveCfg = Release|x64
		{8E31D5CC-132B-434E-838E-44C6D49941DD}.Release|x64.Build.0 = Release|x64
		{8E31D5CC-132B-434E-838E-44C6D49941DD}.Release|x86.ActiveCfg = Release|Win32
		{8E31D5CC-132B-434E-838E-44C6D49941DD}.Release|x86.Build.0 = Release|Win32
	EndGlobalSection
	GlobalSection(SolutionProperties) = preSolution
		HideSolutionNode = FALSE
	EndGlobalSection
	GlobalSection(ExtensibilityGlobals) = postSolution
		SolutionGuid = {38CF68F6-AB0B-4E02-9AB6-AC62DDFE9DE2}
	EndGlobalSection
EndGlobal
